
Microsoft Visual Studio Solution File, Format Version 12.00
# Visual Studio Version 17
VisualStudioVersion = 17.7.34031.279
MinimumVisualStudioVersion = 10.0.40219.1
Project("{8BC9CEB8-8B4A-11D0-8D11-00A0C91BC942}") = "zad1", "zad1\zad1.vcxproj", "{19D5ED32-A3A7-467B-9B18-0EF253EAD721}"
EndProject
Project("{8BC9CEB8-8B4A-11D0-8D11-00A0C91BC942}") = "zad2", "zad2\zad2.vcxproj", "{4BE9657F-558E-461C-8090-1EE9D2437CE0}"
EndProject
Project("{8BC9CEB8-8B4A-11D0-8D11-00A0C91BC942}") = "zad3", "zad3\zad3.vcxproj", "{7CF87F41-0DEF-4A99-8672-23E5313E8CC2}"
EndProject
Project("{8BC9CEB8-8B4A-11D0-8D11-00A0C91BC942}") = "zad4", "zad4\zad4.vcxproj", "{9752B31B-FA83-4C6F-9592-343E793171EB}"
EndProject
Project("{8BC9CEB8-8B4A-11D0-8D11-00A0C91BC942}") = "zad5", "zad5\zad5.vcxproj", "{DC924B16-88DF-44D6-86C7-8F3A4F99040C}"
EndProject
Project("{8BC9CEB8-8B4A-11D0-8D11-00A0C91BC942}") = "zad6", "zad6\zad6.vcxproj", "{95B456BE-4610-479A-8947-4173A25214C0}"
EndProject
Project("{8BC9CEB8-8B4A-11D0-8D11-00A0C91BC942}") = "zad7", "zad7\zad7.vcxproj", "{006AD0C8-C961-485A-BEE0-2DEAB68465F1}"
EndProject
Project("{8BC9CEB8-8B4A-11D0-8D11-00A0C91BC942}") = "zad8", "zad8\zad8.vcxproj", "{75C541A2-5719-43FF-980C-95967B60EFE6}"
EndProject
Project("{8BC9CEB8-8B4A-11D0-8D11-00A0C91BC942}") = "zad9", "zad9\zad9.vcxproj", "{10EAF983-4726-49C9-BE3E-326AAFD8C6D6}"
EndProject
Project("{8BC9CEB8-8B4A-11D0-8D11-00A0C91BC942}") = "zad10", "zad10\zad10.vcxproj", "{DF932A6D-C93F-4524-A4F5-1E40A67474CF}"
EndProject
Project("{8BC9CEB8-8B4A-11D0-8D11-00A0C91BC942}") = "zad11", "zad11\zad11.vcxproj", "{96502F02-4EB2-4AD4-AD55-5C425CE40BCB}"
EndProject
Project("{8BC9CEB8-8B4A-11D0-8D11-00A0C91BC942}") = "zad12", "zad12\zad12.vcxproj", "{4BF4DD78-0795-4338-8902-C5530B2E60A0}"
EndProject
Project("{8BC9CEB8-8B4A-11D0-8D11-00A0C91BC942}") = "zad13", "zad13\zad13.vcxproj", "{09E7BC02-AC49-443C-AF0A-7E796933A171}"
EndProject
Project("{8BC9CEB8-8B4A-11D0-8D11-00A0C91BC942}") = "zad14", "zad14\zad14.vcxproj", "{3E57BB4E-7C75-4338-8A10-5AD9731F473B}"
EndProject
Project("{8BC9CEB8-8B4A-11D0-8D11-00A0C91BC942}") = "zad15", "zad15\zad15.vcxproj", "{4B385D7B-1446-4552-A6BB-C5BB4A5AC492}"
EndProject
Project("{8BC9CEB8-8B4A-11D0-8D11-00A0C91BC942}") = "zad16", "zad16\zad16.vcxproj", "{50F412AD-8C81-4876-A9E5-EE22A0607E4D}"
EndProject
Project("{8BC9CEB8-8B4A-11D0-8D11-00A0C91BC942}") = "zad17", "zad17\zad17.vcxproj", "{3827572D-4094-43EA-999F-BEC7457C21B3}"
EndProject
Project("{8BC9CEB8-8B4A-11D0-8D11-00A0C91BC942}") = "zad18", "zad18\zad18.vcxproj", "{B09DF0F5-F95F-4B11-8E58-FD3A9043A2DF}"
EndProject
Project("{8BC9CEB8-8B4A-11D0-8D11-00A0C91BC942}") = "zad19", "zad19\zad19.vcxproj", "{F0BD52D8-782F-4BD5-8597-4BA9B51A78A6}"
EndProject
Global
	GlobalSection(SolutionConfigurationPlatforms) = preSolution
		Debug|x64 = Debug|x64
		Debug|x86 = Debug|x86
		Release|x64 = Release|x64
		Release|x86 = Release|x86
	EndGlobalSection
	GlobalSection(ProjectConfigurationPlatforms) = postSolution
		{19D5ED32-A3A7-467B-9B18-0EF253EAD721}.Debug|x64.ActiveCfg = Debug|x64
		{19D5ED32-A3A7-467B-9B18-0EF253EAD721}.Debug|x64.Build.0 = Debug|x64
		{19D5ED32-A3A7-467B-9B18-0EF253EAD721}.Debug|x86.ActiveCfg = Debug|Win32
		{19D5ED32-A3A7-467B-9B18-0EF253EAD721}.Debug|x86.Build.0 = Debug|Win32
		{19D5ED32-A3A7-467B-9B18-0EF253EAD721}.Release|x64.ActiveCfg = Release|x64
		{19D5ED32-A3A7-467B-9B18-0EF253EAD721}.Release|x64.Build.0 = Release|x64
		{19D5ED32-A3A7-467B-9B18-0EF253EAD721}.Release|x86.ActiveCfg = Release|Win32
		{19D5ED32-A3A7-467B-9B18-0EF253EAD721}.Release|x86.Build.0 = Release|Win32
		{4BE9657F-558E-461C-8090-1EE9D2437CE0}.Debug|x64.ActiveCfg = Debug|x64
		{4BE9657F-558E-461C-8090-1EE9D2437CE0}.Debug|x64.Build.0 = Debug|x64
		{4BE9657F-558E-461C-8090-1EE9D2437CE0}.Debug|x86.ActiveCfg = Debug|Win32
		{4BE9657F-558E-461C-8090-1EE9D2437CE0}.Debug|x86.Build.0 = Debug|Win32
		{4BE9657F-558E-461C-8090-1EE9D2437CE0}.Release|x64.ActiveCfg = Release|x64
		{4BE9657F-558E-461C-8090-1EE9D2437CE0}.Release|x64.Build.0 = Release|x64
		{4BE9657F-558E-461C-8090-1EE9D2437CE0}.Release|x86.ActiveCfg = Release|Win32
		{4BE9657F-558E-461C-8090-1EE9D2437CE0}.Release|x86.Build.0 = Release|Win32
		{7CF87F41-0DEF-4A99-8672-23E5313E8CC2}.Debug|x64.ActiveCfg = Debug|x64
		{7CF87F41-0DEF-4A99-8672-23E5313E8CC2}.Debug|x64.Build.0 = Debug|x64
		{7CF87F41-0DEF-4A99-8672-23E5313E8CC2}.Debug|x86.ActiveCfg = Debug|Win32
		{7CF87F41-0DEF-4A99-8672-23E5313E8CC2}.Debug|x86.Build.0 = Debug|Win32
		{7CF87F41-0DEF-4A99-8672-23E5313E8CC2}.Release|x64.ActiveCfg = Release|x64
		{7CF87F41-0DEF-4A99-8672-23E5313E8CC2}.Release|x64.Build.0 = Release|x64
		{7CF87F41-0DEF-4A99-8672-23E5313E8CC2}.Release|x86.ActiveCfg = Release|Win32
		{7CF87F41-0DEF-4A99-8672-23E5313E8CC2}.Release|x86.Build.0 = Release|Win32
		{9752B31B-FA83-4C6F-9592-343E793171EB}.Debug|x64.ActiveCfg = Debug|x64
		{9752B31B-FA83-4C6F-9592-343E793171EB}.Debug|x64.Build.0 = Debug|x64
		{9752B31B-FA83-4C6F-9592-343E793171EB}.Debug|x86.ActiveCfg = Debug|Win32
		{9752B31B-FA83-4C6F-9592-343E793171EB}.Debug|x86.Build.0 = Debug|Win32
		{9752B31B-FA83-4C6F-9592-343E793171EB}.Release|x64.ActiveCfg = Release|x64
		{9752B31B-FA83-4C6F-9592-343E793171EB}.Release|x64.Build.0 = Release|x64
		{9752B31B-FA83-4C6F-9592-343E793171EB}.Release|x86.ActiveCfg = Release|Win32
		{9752B31B-FA83-4C6F-9592-343E793171EB}.Release|x86.Build.0 = Release|Win32
		{DC924B16-88DF-44D6-86C7-8F3A4F99040C}.Debug|x64.ActiveCfg = Debug|x64
		{DC924B16-88DF-44D6-86C7-8F3A4F99040C}.Debug|x64.Build.0 = Debug|x64
		{DC924B16-88DF-44D6-86C7-8F3A4F99040C}.Debug|x86.ActiveCfg = Debug|Win32
		{DC924B16-88DF-44D6-86C7-8F3A4F99040C}.Debug|x86.Build.0 = Debug|Win32
		{DC924B16-88DF-44D6-86C7-8F3A4F99040C}.Release|x64.ActiveCfg = Release|x64
		{DC924B16-88DF-44D6-86C7-8F3A4F99040C}.Release|x64.Build.0 = Release|x64
		{DC924B16-88DF-44D6-86C7-8F3A4F99040C}.Release|x86.ActiveCfg = Release|Win32
		{DC924B16-88DF-44D6-86C7-8F3A4F99040C}.Release|x86.Build.0 = Release|Win32
		{95B456BE-4610-479A-8947-4173A25214C0}.Debug|x64.ActiveCfg = Debug|x64
		{95B456BE-4610-479A-8947-4173A25214C0}.Debug|x64.Build.0 = Debug|x64
		{95B456BE-4610-479A-8947-4173A25214C0}.Debug|x86.ActiveCfg = Debug|Win32
		{95B456BE-4610-479A-8947-4173A25214C0}.Debug|x86.Build.0 = Debug|Win32
		{95B456BE-4610-479A-8947-4173A25214C0}.Release|x64.ActiveCfg = Release|x64
		{95B456BE-4610-479A-8947-4173A25214C0}.Release|x64.Build.0 = Release|x64
		{95B456BE-4610-479A-8947-4173A25214C0}.Release|x86.ActiveCfg = Release|Win32
		{95B456BE-4610-479A-8947-4173A25214C0}.Release|x86.Build.0 = Release|Win32
		{006AD0C8-C961-485A-BEE0-2DEAB68465F1}.Debug|x64.ActiveCfg = Debug|x64
		{006AD0C8-C961-485A-BEE0-2DEAB68465F1}.Debug|x64.Build.0 = Debug|x64
		{006AD0C8-C961-485A-BEE0-2DEAB68465F1}.Debug|x86.ActiveCfg = Debug|Win32
		{006AD0C8-C961-485A-BEE0-2DEAB68465F1}.Debug|x86.Build.0 = Debug|Win32
		{006AD0C8-C961-485A-BEE0-2DEAB68465F1}.Release|x64.ActiveCfg = Release|x64
		{006AD0C8-C961-485A-BEE0-2DEAB68465F1}.Release|x64.Build.0 = Release|x64
		{006AD0C8-C961-485A-BEE0-2DEAB68465F1}.Release|x86.ActiveCfg = Release|Win32
		{006AD0C8-C961-485A-BEE0-2DEAB68465F1}.Release|x86.Build.0 = Release|Win32
		{75C541A2-5719-43FF-980C-95967B60EFE6}.Debug|x64.ActiveCfg = Debug|x64
		{75C541A2-5719-43FF-980C-95967B60EFE6}.Debug|x64.Build.0 = Debug|x64
		{75C541A2-5719-43FF-980C-95967B60EFE6}.Debug|x86.ActiveCfg = Debug|Win32
		{75C541A2-5719-43FF-980C-95967B60EFE6}.Debug|x86.Build.0 = Debug|Win32
		{75C541A2-5719-43FF-980C-95967B60EFE6}.Release|x64.ActiveCfg = Release|x64
		{75C541A2-5719-43FF-980C-95967B60EFE6}.Release|x64.Build.0 = Release|x64
		{75C541A2-5719-43FF-980C-95967B60EFE6}.Release|x86.ActiveCfg = Release|Win32
		{75C541A2-5719-43FF-980C-95967B60EFE6}.Release|x86.Build.0 = Release|Win32
		{10EAF983-4726-49C9-BE3E-326AAFD8C6D6}.Debug|x64.ActiveCfg = Debug|x64
		{10EAF983-4726-49C9-BE3E-326AAFD8C6D6}.Debug|x64.Build.0 = Debug|x64
		{10EAF983-4726-49C9-BE3E-326AAFD8C6D6}.Debug|x86.ActiveCfg = Debug|Win32
		{10EAF983-4726-49C9-BE3E-326AAFD8C6D6}.Debug|x86.Build.0 = Debug|Win32
		{10EAF983-4726-49C9-BE3E-326AAFD8C6D6}.Release|x64.ActiveCfg = Release|x64
		{10EAF983-4726-49C9-BE3E-326AAFD8C6D6}.Release|x64.Build.0 = Release|x64
		{10EAF983-4726-49C9-BE3E-326AAFD8C6D6}.Release|x86.ActiveCfg = Release|Win32
		{10EAF983-4726-49C9-BE3E-326AAFD8C6D6}.Release|x86.Build.0 = Release|Win32
		{DF932A6D-C93F-4524-A4F5-1E40A67474CF}.Debug|x64.ActiveCfg = Debug|x64
		{DF932A6D-C93F-4524-A4F5-1E40A67474CF}.Debug|x64.Build.0 = Debug|x64
		{DF932A6D-C93F-4524-A4F5-1E40A67474CF}.Debug|x86.ActiveCfg = Debug|Win32
		{DF932A6D-C93F-4524-A4F5-1E40A67474CF}.Debug|x86.Build.0 = Debug|Win32
		{DF932A6D-C93F-4524-A4F5-1E40A67474CF}.Release|x64.ActiveCfg = Release|x64
		{DF932A6D-C93F-4524-A4F5-1E40A67474CF}.Release|x64.Build.0 = Release|x64
		{DF932A6D-C93F-4524-A4F5-1E40A67474CF}.Release|x86.ActiveCfg = Release|Win32
		{DF932A6D-C93F-4524-A4F5-1E40A67474CF}.Release|x86.Build.0 = Release|Win32
		{96502F02-4EB2-4AD4-AD55-5C425CE40BCB}.Debug|x64.ActiveCfg = Debug|x64
		{96502F02-4EB2-4AD4-AD55-5C425CE40BCB}.Debug|x64.Build.0 = Debug|x64
		{96502F02-4EB2-4AD4-AD55-5C425CE40BCB}.Debug|x86.ActiveCfg = Debug|Win32
		{96502F02-4EB2-4AD4-AD55-5C425CE40BCB}.Debug|x86.Build.0 = Debug|Win32
		{96502F02-4EB2-4AD4-AD55-5C425CE40BCB}.Release|x64.ActiveCfg = Release|x64
		{96502F02-4EB2-4AD4-AD55-5C425CE40BCB}.Release|x64.Build.0 = Release|x64
		{96502F02-4EB2-4AD4-AD55-5C425CE40BCB}.Release|x86.ActiveCfg = Release|Win32
		{96502F02-4EB2-4AD4-AD55-5C425CE40BCB}.Release|x86.Build.0 = Release|Win32
		{4BF4DD78-0795-4338-8902-C5530B2E60A0}.Debug|x64.ActiveCfg = Debug|x64
		{4BF4DD78-0795-4338-8902-C5530B2E60A0}.Debug|x64.Build.0 = Debug|x64
		{4BF4DD78-0795-4338-8902-C5530B2E60A0}.Debug|x86.ActiveCfg = Debug|Win32
		{4BF4DD78-0795-4338-8902-C5530B2E60A0}.Debug|x86.Build.0 = Debug|Win32
		{4BF4DD78-0795-4338-8902-C5530B2E60A0}.Release|x64.ActiveCfg = Release|x64
		{4BF4DD78-0795-4338-8902-C5530B2E60A0}.Release|x64.Build.0 = Release|x64
		{4BF4DD78-0795-4338-8902-C5530B2E60A0}.Release|x86.ActiveCfg = Release|Win32
		{4BF4DD78-0795-4338-8902-C5530B2E60A0}.Release|x86.Build.0 = Release|Win32
		{09E7BC02-AC49-443C-AF0A-7E796933A171}.Debug|x64.ActiveCfg = Debug|x64
		{09E7BC02-AC49-443C-AF0A-7E796933A171}.Debug|x64.Build.0 = Debug|x64
		{09E7BC02-AC49-443C-AF0A-7E796933A171}.Debug|x86.ActiveCfg = Debug|Win32
		{09E7BC02-AC49-443C-AF0A-7E796933A171}.Debug|x86.Build.0 = Debug|Win32
		{09E7BC02-AC49-443C-AF0A-7E796933A171}.Release|x64.ActiveCfg = Release|x64
		{09E7BC02-AC49-443C-AF0A-7E796933A171}.Release|x64.Build.0 = Release|x64
		{09E7BC02-AC49-443C-AF0A-7E796933A171}.Release|x86.ActiveCfg = Release|Win32
		{09E7BC02-AC49-443C-AF0A-7E796933A171}.Release|x86.Build.0 = Release|Win32
		{3E57BB4E-7C75-4338-8A10-5AD9731F473B}.Debug|x64.ActiveCfg = Debug|x64
		{3E57BB4E-7C75-4338-8A10-5AD9731F473B}.Debug|x64.Build.0 = Debug|x64
		{3E57BB4E-7C75-4338-8A10-5AD9731F473B}.Debug|x86.ActiveCfg = Debug|Win32
		{3E57BB4E-7C75-4338-8A10-5AD9731F473B}.Debug|x86.Build.0 = Debug|Win32
		{3E57BB4E-7C75-4338-8A10-5AD9731F473B}.Release|x64.ActiveCfg = Release|x64
		{3E57BB4E-7C75-4338-8A10-5AD9731F473B}.Release|x64.Build.0 = Release|x64
		{3E57BB4E-7C75-4338-8A10-5AD9731F473B}.Release|x86.ActiveCfg = Release|Win32
		{3E57BB4E-7C75-4338-8A10-5AD9731F473B}.Release|x86.Build.0 = Release|Win32
		{4B385D7B-1446-4552-A6BB-C5BB4A5AC492}.Debug|x64.ActiveCfg = Debug|x64
		{4B385D7B-1446-4552-A6BB-C5BB4A5AC492}.Debug|x64.Build.0 = Debug|x64
		{4B385D7B-1446-4552-A6BB-C5BB4A5AC492}.Debug|x86.ActiveCfg = Debug|Win32
		{4B385D7B-1446-4552-A6BB-C5BB4A5AC492}.Debug|x86.Build.0 = Debug|Win32
		{4B385D7B-1446-4552-A6BB-C5BB4A5AC492}.Release|x64.ActiveCfg = Release|x64
		{4B385D7B-1446-4552-A6BB-C5BB4A5AC492}.Release|x64.Build.0 = Release|x64
		{4B385D7B-1446-4552-A6BB-C5BB4A5AC492}.Release|x86.ActiveCfg = Release|Win32
		{4B385D7B-1446-4552-A6BB-C5BB4A5AC492}.Release|x86.Build.0 = Release|Win32
		{50F412AD-8C81-4876-A9E5-EE22A0607E4D}.Debug|x64.ActiveCfg = Debug|x64
		{50F412AD-8C81-4876-A9E5-EE22A0607E4D}.Debug|x64.Build.0 = Debug|x64
		{50F412AD-8C81-4876-A9E5-EE22A0607E4D}.Debug|x86.ActiveCfg = Debug|Win32
		{50F412AD-8C81-4876-A9E5-EE22A0607E4D}.Debug|x86.Build.0 = Debug|Win32
		{50F412AD-8C81-4876-A9E5-EE22A0607E4D}.Release|x64.ActiveCfg = Release|x64
		{50F412AD-8C81-4876-A9E5-EE22A0607E4D}.Release|x64.Build.0 = Release|x64
		{50F412AD-8C81-4876-A9E5-EE22A0607E4D}.Release|x86.ActiveCfg = Release|Win32
		{50F412AD-8C81-4876-A9E5-EE22A0607E4D}.Release|x86.Build.0 = Release|Win32
		{3827572D-4094-43EA-999F-BEC7457C21B3}.Debug|x64.ActiveCfg = Debug|x64
		{3827572D-4094-43EA-999F-BEC7457C21B3}.Debug|x64.Build.0 = Debug|x64
		{3827572D-4094-43EA-999F-BEC7457C21B3}.Debug|x86.ActiveCfg = Debug|Win32
		{3827572D-4094-43EA-999F-BEC7457C21B3}.Debug|x86.Build.0 = Debug|Win32
		{3827572D-4094-43EA-999F-BEC7457C21B3}.Release|x64.ActiveCfg = Release|x64
		{3827572D-4094-43EA-999F-BEC7457C21B3}.Release|x64.Build.0 = Release|x64
		{3827572D-4094-43EA-999F-BEC7457C21B3}.Release|x86.ActiveCfg = Release|Win32
		{3827572D-4094-43EA-999F-BEC7457C21B3}.Release|x86.Build.0 = Release|Win32
		{B09DF0F5-F95F-4B11-8E58-FD3A9043A2DF}.Debug|x64.ActiveCfg = Debug|x64
		{B09DF0F5-F95F-4B11-8E58-FD3A9043A2DF}.Debug|x64.Build.0 = Debug|x64
		{B09DF0F5-F95F-4B11-8E58-FD3A9043A2DF}.Debug|x86.ActiveCfg = Debug|Win32
		{B09DF0F5-F95F-4B11-8E58-FD3A9043A2DF}.Debug|x86.Build.0 = Debug|Win32
		{B09DF0F5-F95F-4B11-8E58-FD3A9043A2DF}.Release|x64.ActiveCfg = Release|x64
		{B09DF0F5-F95F-4B11-8E58-FD3A9043A2DF}.Release|x64.Build.0 = Release|x64
		{B09DF0F5-F95F-4B11-8E58-FD3A9043A2DF}.Release|x86.ActiveCfg = Release|Win32
		{B09DF0F5-F95F-4B11-8E58-FD3A9043A2DF}.Release|x86.Build.0 = Release|Win32
		{F0BD52D8-782F-4BD5-8597-4BA9B51A78A6}.Debug|x64.ActiveCfg = Debug|x64
		{F0BD52D8-782F-4BD5-8597-4BA9B51A78A6}.Debug|x64.Build.0 = Debug|x64
		{F0BD52D8-782F-4BD5-8597-4BA9B51A78A6}.Debug|x86.ActiveCfg = Debug|Win32
		{F0BD52D8-782F-4BD5-8597-4BA9B51A78A6}.Debug|x86.Build.0 = Debug|Win32
		{F0BD52D8-782F-4BD5-8597-4BA9B51A78A6}.Release|x64.ActiveCfg = Release|x64
		{F0BD52D8-782F-4BD5-8597-4BA9B51A78A6}.Release|x64.Build.0 = Release|x64
		{F0BD52D8-782F-4BD5-8597-4BA9B51A78A6}.Release|x86.ActiveCfg = Release|Win32
		{F0BD52D8-782F-4BD5-8597-4BA9B51A78A6}.Release|x86.Build.0 = Release|Win32
	EndGlobalSection
	GlobalSection(SolutionProperties) = preSolution
		HideSolutionNode = FALSE
	EndGlobalSection
	GlobalSection(ExtensibilityGlobals) = postSolution
		SolutionGuid = {DFA687A5-7E11-433F-8EFA-DBD83C5E233B}
	EndGlobalSection
EndGlobal
